// !$*UTF8*$!
{
	archiveVersion = 1;
	classes = {
	};
	objectVersion = 55;
	objects = {

/* Begin PBXBuildFile section */
		E035554027C5F3F900D4521E /* MyWriteDiaryTabView.swift in Sources */ = {isa = PBXBuildFile; fileRef = E035553F27C5F3F900D4521E /* MyWriteDiaryTabView.swift */; };
		E035554227C5F47500D4521E /* MyFavoriteDiaryTabView.swift in Sources */ = {isa = PBXBuildFile; fileRef = E035554127C5F47500D4521E /* MyFavoriteDiaryTabView.swift */; };
		E03996C727C4A62600F896F1 /* SystemModalView.swift in Sources */ = {isa = PBXBuildFile; fileRef = E03996C627C4A62600F896F1 /* SystemModalView.swift */; };
		E03996C927C4D3E600F896F1 /* MusicModallView.swift in Sources */ = {isa = PBXBuildFile; fileRef = E03996C827C4D3E600F896F1 /* MusicModallView.swift */; };
		E03996CB27C4D42A00F896F1 /* CheckDiaryModalView.swift in Sources */ = {isa = PBXBuildFile; fileRef = E03996CA27C4D42A00F896F1 /* CheckDiaryModalView.swift */; };
		E0682B7727D917ED006E8B2E /* SoundPlayer.swift in Sources */ = {isa = PBXBuildFile; fileRef = E0682B7627D917ED006E8B2E /* SoundPlayer.swift */; };
		E0AB73FD27C32620002466E9 /* May_dayApp.swift in Sources */ = {isa = PBXBuildFile; fileRef = E0AB73FC27C32620002466E9 /* May_dayApp.swift */; };
		E0AB73FF27C32620002466E9 /* ContentView.swift in Sources */ = {isa = PBXBuildFile; fileRef = E0AB73FE27C32620002466E9 /* ContentView.swift */; };
		E0AB740127C32622002466E9 /* Assets.xcassets in Resources */ = {isa = PBXBuildFile; fileRef = E0AB740027C32622002466E9 /* Assets.xcassets */; };
		E0AB740427C32622002466E9 /* Preview Assets.xcassets in Resources */ = {isa = PBXBuildFile; fileRef = E0AB740327C32622002466E9 /* Preview Assets.xcassets */; };
		E0AB740D27C346CE002466E9 /* meydayMein.png in Resources */ = {isa = PBXBuildFile; fileRef = E0AB740C27C346CE002466E9 /* meydayMein.png */; };
		E0E1D7FA27C757F6009318E8 /* MutteringDiaryView.swift in Sources */ = {isa = PBXBuildFile; fileRef = E0E1D7F927C757F6009318E8 /* MutteringDiaryView.swift */; };
/* End PBXBuildFile section */

/* Begin PBXFileReference section */
		E035553F27C5F3F900D4521E /* MyWriteDiaryTabView.swift */ = {isa = PBXFileReference; lastKnownFileType = sourcecode.swift; path = MyWriteDiaryTabView.swift; sourceTree = "<group>"; };
		E035554127C5F47500D4521E /* MyFavoriteDiaryTabView.swift */ = {isa = PBXFileReference; lastKnownFileType = sourcecode.swift; path = MyFavoriteDiaryTabView.swift; sourceTree = "<group>"; };
		E03996C627C4A62600F896F1 /* SystemModalView.swift */ = {isa = PBXFileReference; lastKnownFileType = sourcecode.swift; path = SystemModalView.swift; sourceTree = "<group>"; };
		E03996C827C4D3E600F896F1 /* MusicModallView.swift */ = {isa = PBXFileReference; lastKnownFileType = sourcecode.swift; path = MusicModallView.swift; sourceTree = "<group>"; };
		E03996CA27C4D42A00F896F1 /* CheckDiaryModalView.swift */ = {isa = PBXFileReference; lastKnownFileType = sourcecode.swift; path = CheckDiaryModalView.swift; sourceTree = "<group>"; };
		E0682B7627D917ED006E8B2E /* SoundPlayer.swift */ = {isa = PBXFileReference; lastKnownFileType = sourcecode.swift; path = SoundPlayer.swift; sourceTree = "<group>"; };
		E0682B7827DA61A8006E8B2E /* May-day-Info.plist */ = {isa = PBXFileReference; lastKnownFileType = text.plist; path = "May-day-Info.plist"; sourceTree = SOURCE_ROOT; };
		E0AB73F927C32620002466E9 /* May_day.app */ = {isa = PBXFileReference; explicitFileType = wrapper.application; includeInIndex = 0; path = May_day.app; sourceTree = BUILT_PRODUCTS_DIR; };
		E0AB73FC27C32620002466E9 /* May_dayApp.swift */ = {isa = PBXFileReference; lastKnownFileType = sourcecode.swift; path = May_dayApp.swift; sourceTree = "<group>"; };
		E0AB73FE27C32620002466E9 /* ContentView.swift */ = {isa = PBXFileReference; lastKnownFileType = sourcecode.swift; path = ContentView.swift; sourceTree = "<group>"; };
		E0AB740027C32622002466E9 /* Assets.xcassets */ = {isa = PBXFileReference; lastKnownFileType = folder.assetcatalog; path = Assets.xcassets; sourceTree = "<group>"; };
		E0AB740327C32622002466E9 /* Preview Assets.xcassets */ = {isa = PBXFileReference; lastKnownFileType = folder.assetcatalog; path = "Preview Assets.xcassets"; sourceTree = "<group>"; };
		E0AB740C27C346CE002466E9 /* meydayMein.png */ = {isa = PBXFileReference; lastKnownFileType = image.png; name = meydayMein.png; path = ../../../Downloads/meydayMein.png; sourceTree = "<group>"; };
		E0E1D7F927C757F6009318E8 /* MutteringDiaryView.swift */ = {isa = PBXFileReference; lastKnownFileType = sourcecode.swift; path = MutteringDiaryView.swift; sourceTree = "<group>"; };
/* End PBXFileReference section */

/* Begin PBXFrameworksBuildPhase section */
		E0AB73F627C32620002466E9 /* Frameworks */ = {
			isa = PBXFrameworksBuildPhase;
			buildActionMask = 2147483647;
			files = (
			);
			runOnlyForDeploymentPostprocessing = 0;
		};
/* End PBXFrameworksBuildPhase section */

/* Begin PBXGroup section */
		E0AB73F027C32620002466E9 = {
			isa = PBXGroup;
			children = (
				E0682B7627D917ED006E8B2E /* SoundPlayer.swift */,
				E0AB73FB27C32620002466E9 /* May_day */,
				E0AB73FA27C32620002466E9 /* Products */,
			);
			sourceTree = "<group>";
		};
		E0AB73FA27C32620002466E9 /* Products */ = {
			isa = PBXGroup;
			children = (
				E0AB73F927C32620002466E9 /* May_day.app */,
			);
			name = Products;
			sourceTree = "<group>";
		};
		E0AB73FB27C32620002466E9 /* May_day */ = {
			isa = PBXGroup;
			children = (
				E0682B7827DA61A8006E8B2E /* May-day-Info.plist */,
				E0AB73FC27C32620002466E9 /* May_dayApp.swift */,
				E0AB73FE27C32620002466E9 /* ContentView.swift */,
				E03996C627C4A62600F896F1 /* SystemModalView.swift */,
				E03996CA27C4D42A00F896F1 /* CheckDiaryModalView.swift */,
				E035553F27C5F3F900D4521E /* MyWriteDiaryTabView.swift */,
				E035554127C5F47500D4521E /* MyFavoriteDiaryTabView.swift */,
				E03996C827C4D3E600F896F1 /* MusicModallView.swift */,
				E0E1D7F927C757F6009318E8 /* MutteringDiaryView.swift */,
				E0AB740027C32622002466E9 /* Assets.xcassets */,
				E0AB740C27C346CE002466E9 /* meydayMein.png */,
				E0AB740227C32622002466E9 /* Preview Content */,
			);
			path = May_day;
			sourceTree = "<group>";
		};
		E0AB740227C32622002466E9 /* Preview Content */ = {
			isa = PBXGroup;
			children = (
				E0AB740327C32622002466E9 /* Preview Assets.xcassets */,
			);
			path = "Preview Content";
			sourceTree = "<group>";
		};
/* End PBXGroup section */

/* Begin PBXNativeTarget section */
		E0AB73F827C32620002466E9 /* May_day */ = {
			isa = PBXNativeTarget;
			buildConfigurationList = E0AB740727C32622002466E9 /* Build configuration list for PBXNativeTarget "May_day" */;
			buildPhases = (
				E0AB73F527C32620002466E9 /* Sources */,
				E0AB73F627C32620002466E9 /* Frameworks */,
				E0AB73F727C32620002466E9 /* Resources */,
			);
			buildRules = (
			);
			dependencies = (
			);
			name = May_day;
			productName = May_day;
			productReference = E0AB73F927C32620002466E9 /* May_day.app */;
			productType = "com.apple.product-type.application";
		};
/* End PBXNativeTarget section */

/* Begin PBXProject section */
		E0AB73F127C32620002466E9 /* Project object */ = {
			isa = PBXProject;
			attributes = {
				BuildIndependentTargetsInParallel = 1;
				LastSwiftUpdateCheck = 1320;
				LastUpgradeCheck = 1320;
				TargetAttributes = {
					E0AB73F827C32620002466E9 = {
						CreatedOnToolsVersion = 13.2.1;
					};
				};
			};
			buildConfigurationList = E0AB73F427C32620002466E9 /* Build configuration list for PBXProject "May_day" */;
			compatibilityVersion = "Xcode 13.0";
			developmentRegion = en;
			hasScannedForEncodings = 0;
			knownRegions = (
				en,
				Base,
			);
			mainGroup = E0AB73F027C32620002466E9;
			productRefGroup = E0AB73FA27C32620002466E9 /* Products */;
			projectDirPath = "";
			projectRoot = "";
			targets = (
				E0AB73F827C32620002466E9 /* May_day */,
			);
		};
/* End PBXProject section */

/* Begin PBXResourcesBuildPhase section */
		E0AB73F727C32620002466E9 /* Resources */ = {
			isa = PBXResourcesBuildPhase;
			buildActionMask = 2147483647;
			files = (
				E0AB740427C32622002466E9 /* Preview Assets.xcassets in Resources */,
				E0AB740D27C346CE002466E9 /* meydayMein.png in Resources */,
				E0AB740127C32622002466E9 /* Assets.xcassets in Resources */,
			);
			runOnlyForDeploymentPostprocessing = 0;
		};
/* End PBXResourcesBuildPhase section */

/* Begin PBXSourcesBuildPhase section */
		E0AB73F527C32620002466E9 /* Sources */ = {
			isa = PBXSourcesBuildPhase;
			buildActionMask = 2147483647;
			files = (
				E035554027C5F3F900D4521E /* MyWriteDiaryTabView.swift in Sources */,
				E03996C727C4A62600F896F1 /* SystemModalView.swift in Sources */,
				E0AB73FF27C32620002466E9 /* ContentView.swift in Sources */,
				E035554227C5F47500D4521E /* MyFavoriteDiaryTabView.swift in Sources */,
				E0682B7727D917ED006E8B2E /* SoundPlayer.swift in Sources */,
				E03996C927C4D3E600F896F1 /* MusicModallView.swift in Sources */,
				E0AB73FD27C32620002466E9 /* May_dayApp.swift in Sources */,
				E0E1D7FA27C757F6009318E8 /* MutteringDiaryView.swift in Sources */,
				E03996CB27C4D42A00F896F1 /* CheckDiaryModalView.swift in Sources */,
			);
			runOnlyForDeploymentPostprocessing = 0;
		};
/* End PBXSourcesBuildPhase section */

/* Begin XCBuildConfiguration section */
		E0AB740527C32622002466E9 /* Debug */ = {
			isa = XCBuildConfiguration;
			buildSettings = {
				ALWAYS_SEARCH_USER_PATHS = NO;
				CLANG_ANALYZER_NONNULL = YES;
				CLANG_ANALYZER_NUMBER_OBJECT_CONVERSION = YES_AGGRESSIVE;
				CLANG_CXX_LANGUAGE_STANDARD = "gnu++17";
				CLANG_CXX_LIBRARY = "libc++";
				CLANG_ENABLE_MODULES = YES;
				CLANG_ENABLE_OBJC_ARC = YES;
				CLANG_ENABLE_OBJC_WEAK = YES;
				CLANG_WARN_BLOCK_CAPTURE_AUTORELEASING = YES;
				CLANG_WARN_BOOL_CONVERSION = YES;
				CLANG_WARN_COMMA = YES;
				CLANG_WARN_CONSTANT_CONVERSION = YES;
				CLANG_WARN_DEPRECATED_OBJC_IMPLEMENTATIONS = YES;
				CLANG_WARN_DIRECT_OBJC_ISA_USAGE = YES_ERROR;
				CLANG_WARN_DOCUMENTATION_COMMENTS = YES;
				CLANG_WARN_EMPTY_BODY = YES;
				CLANG_WARN_ENUM_CONVERSION = YES;
				CLANG_WARN_INFINITE_RECURSION = YES;
				CLANG_WARN_INT_CONVERSION = YES;
				CLANG_WARN_NON_LITERAL_NULL_CONVERSION = YES;
				CLANG_WARN_OBJC_IMPLICIT_RETAIN_SELF = YES;
				CLANG_WARN_OBJC_LITERAL_CONVERSION = YES;
				CLANG_WARN_OBJC_ROOT_CLASS = YES_ERROR;
				CLANG_WARN_QUOTED_INCLUDE_IN_FRAMEWORK_HEADER = YES;
				CLANG_WARN_RANGE_LOOP_ANALYSIS = YES;
				CLANG_WARN_STRICT_PROTOTYPES = YES;
				CLANG_WARN_SUSPICIOUS_MOVE = YES;
				CLANG_WARN_UNGUARDED_AVAILABILITY = YES_AGGRESSIVE;
				CLANG_WARN_UNREACHABLE_CODE = YES;
				CLANG_WARN__DUPLICATE_METHOD_MATCH = YES;
				COPY_PHASE_STRIP = NO;
				DEBUG_INFORMATION_FORMAT = dwarf;
				ENABLE_STRICT_OBJC_MSGSEND = YES;
				ENABLE_TESTABILITY = YES;
				GCC_C_LANGUAGE_STANDARD = gnu11;
				GCC_DYNAMIC_NO_PIC = NO;
				GCC_NO_COMMON_BLOCKS = YES;
				GCC_OPTIMIZATION_LEVEL = 0;
				GCC_PREPROCESSOR_DEFINITIONS = (
					"DEBUG=1",
					"$(inherited)",
				);
				GCC_WARN_64_TO_32_BIT_CONVERSION = YES;
				GCC_WARN_ABOUT_RETURN_TYPE = YES_ERROR;
				GCC_WARN_UNDECLARED_SELECTOR = YES;
				GCC_WARN_UNINITIALIZED_AUTOS = YES_AGGRESSIVE;
				GCC_WARN_UNUSED_FUNCTION = YES;
				GCC_WARN_UNUSED_VARIABLE = YES;
				IPHONEOS_DEPLOYMENT_TARGET = 15.2;
				MTL_ENABLE_DEBUG_INFO = INCLUDE_SOURCE;
				MTL_FAST_MATH = YES;
				ONLY_ACTIVE_ARCH = YES;
				SDKROOT = iphoneos;
				SWIFT_ACTIVE_COMPILATION_CONDITIONS = DEBUG;
				SWIFT_OPTIMIZATION_LEVEL = "-Onone";
			};
			name = Debug;
		};
		E0AB740627C32622002466E9 /* Release */ = {
			isa = XCBuildConfiguration;
			buildSettings = {
				ALWAYS_SEARCH_USER_PATHS = NO;
				CLANG_ANALYZER_NONNULL = YES;
				CLANG_ANALYZER_NUMBER_OBJECT_CONVERSION = YES_AGGRESSIVE;
				CLANG_CXX_LANGUAGE_STANDARD = "gnu++17";
				CLANG_CXX_LIBRARY = "libc++";
				CLANG_ENABLE_MODULES = YES;
				CLANG_ENABLE_OBJC_ARC = YES;
				CLANG_ENABLE_OBJC_WEAK = YES;
				CLANG_WARN_BLOCK_CAPTURE_AUTORELEASING = YES;
				CLANG_WARN_BOOL_CONVERSION = YES;
				CLANG_WARN_COMMA = YES;
				CLANG_WARN_CONSTANT_CONVERSION = YES;
				CLANG_WARN_DEPRECATED_OBJC_IMPLEMENTATIONS = YES;
				CLANG_WARN_DIRECT_OBJC_ISA_USAGE = YES_ERROR;
				CLANG_WARN_DOCUMENTATION_COMMENTS = YES;
				CLANG_WARN_EMPTY_BODY = YES;
				CLANG_WARN_ENUM_CONVERSION = YES;
				CLANG_WARN_INFINITE_RECURSION = YES;
				CLANG_WARN_INT_CONVERSION = YES;
				CLANG_WARN_NON_LITERAL_NULL_CONVERSION = YES;
				CLANG_WARN_OBJC_IMPLICIT_RETAIN_SELF = YES;
				CLANG_WARN_OBJC_LITERAL_CONVERSION = YES;
				CLANG_WARN_OBJC_ROOT_CLASS = YES_ERROR;
				CLANG_WARN_QUOTED_INCLUDE_IN_FRAMEWORK_HEADER = YES;
				CLANG_WARN_RANGE_LOOP_ANALYSIS = YES;
				CLANG_WARN_STRICT_PROTOTYPES = YES;
				CLANG_WARN_SUSPICIOUS_MOVE = YES;
				CLANG_WARN_UNGUARDED_AVAILABILITY = YES_AGGRESSIVE;
				CLANG_WARN_UNREACHABLE_CODE = YES;
				CLANG_WARN__DUPLICATE_METHOD_MATCH = YES;
				COPY_PHASE_STRIP = NO;
				DEBUG_INFORMATION_FORMAT = "dwarf-with-dsym";
				ENABLE_NS_ASSERTIONS = NO;
				ENABLE_STRICT_OBJC_MSGSEND = YES;
				GCC_C_LANGUAGE_STANDARD = gnu11;
				GCC_NO_COMMON_BLOCKS = YES;
				GCC_WARN_64_TO_32_BIT_CONVERSION = YES;
				GCC_WARN_ABOUT_RETURN_TYPE = YES_ERROR;
				GCC_WARN_UNDECLARED_SELECTOR = YES;
				GCC_WARN_UNINITIALIZED_AUTOS = YES_AGGRESSIVE;
				GCC_WARN_UNUSED_FUNCTION = YES;
				GCC_WARN_UNUSED_VARIABLE = YES;
				IPHONEOS_DEPLOYMENT_TARGET = 15.2;
				MTL_ENABLE_DEBUG_INFO = NO;
				MTL_FAST_MATH = YES;
				SDKROOT = iphoneos;
				SWIFT_COMPILATION_MODE = wholemodule;
				SWIFT_OPTIMIZATION_LEVEL = "-O";
				VALIDATE_PRODUCT = YES;
			};
			name = Release;
		};
		E0AB740827C32622002466E9 /* Debug */ = {
			isa = XCBuildConfiguration;
			buildSettings = {
				ASSETCATALOG_COMPILER_APPICON_NAME = AppIcon;
				ASSETCATALOG_COMPILER_GLOBAL_ACCENT_COLOR_NAME = AccentColor;
				CODE_SIGN_STYLE = Automatic;
				CURRENT_PROJECT_VERSION = 1;
				DEVELOPMENT_ASSET_PATHS = "\"May_day/Preview Content\"";
				DEVELOPMENT_TEAM = H999WST5QF;
				ENABLE_PREVIEWS = YES;
				GENERATE_INFOPLIST_FILE = YES;
				INFOPLIST_FILE = "May-day-Info.plist";
				INFOPLIST_KEY_UIApplicationSceneManifest_Generation = YES;
				INFOPLIST_KEY_UIApplicationSupportsIndirectInputEvents = YES;
				INFOPLIST_KEY_UILaunchScreen_Generation = YES;
				INFOPLIST_KEY_UISupportedInterfaceOrientations_iPad = "UIInterfaceOrientationPortrait UIInterfaceOrientationPortraitUpsideDown UIInterfaceOrientationLandscapeLeft UIInterfaceOrientationLandscapeRight";
				INFOPLIST_KEY_UISupportedInterfaceOrientations_iPhone = "UIInterfaceOrientationPortrait UIInterfaceOrientationLandscapeLeft UIInterfaceOrientationLandscapeRight";
				LD_RUNPATH_SEARCH_PATHS = (
					"$(inherited)",
					"@executable_path/Frameworks",
				);
				MARKETING_VERSION = 1.0;
				PRODUCT_BUNDLE_IDENTIFIER = "com.gmail.kennsuke242424.May-day";
				PRODUCT_NAME = "$(TARGET_NAME)";
				SWIFT_EMIT_LOC_STRINGS = YES;
				SWIFT_VERSION = 5.0;
				TARGETED_DEVICE_FAMILY = "1,2";
			};
			name = Debug;
		};
		E0AB740927C32622002466E9 /* Release */ = {
			isa = XCBuildConfiguration;
			buildSettings = {
				ASSETCATALOG_COMPILER_APPICON_NAME = AppIcon;
				ASSETCATALOG_COMPILER_GLOBAL_ACCENT_COLOR_NAME = AccentColor;
				CODE_SIGN_STYLE = Automatic;
				CURRENT_PROJECT_VERSION = 1;
				DEVELOPMENT_ASSET_PATHS = "\"May_day/Preview Content\"";
				DEVELOPMENT_TEAM = H999WST5QF;
				ENABLE_PREVIEWS = YES;
				GENERATE_INFOPLIST_FILE = YES;
				INFOPLIST_FILE = "May-day-Info.plist";
				INFOPLIST_KEY_UIApplicationSceneManifest_Generation = YES;
				INFOPLIST_KEY_UIApplicationSupportsIndirectInputEvents = YES;
				INFOPLIST_KEY_UILaunchScreen_Generation = YES;
				INFOPLIST_KEY_UISupportedInterfaceOrientations_iPad = "UIInterfaceOrientationPortrait UIInterfaceOrientationPortraitUpsideDown UIInterfaceOrientationLandscapeLeft UIInterfaceOrientationLandscapeRight";
				INFOPLIST_KEY_UISupportedInterfaceOrientations_iPhone = "UIInterfaceOrientationPortrait UIInterfaceOrientationLandscapeLeft UIInterfaceOrientationLandscapeRight";
				LD_RUNPATH_SEARCH_PATHS = (
					"$(inherited)",
					"@executable_path/Frameworks",
				);
				MARKETING_VERSION = 1.0;
				PRODUCT_BUNDLE_IDENTIFIER = "com.gmail.kennsuke242424.May-day";
				PRODUCT_NAME = "$(TARGET_NAME)";
				SWIFT_EMIT_LOC_STRINGS = YES;
				SWIFT_VERSION = 5.0;
				TARGETED_DEVICE_FAMILY = "1,2";
			};
			name = Release;
		};
/* End XCBuildConfiguration section */

/* Begin XCConfigurationList section */
		E0AB73F427C32620002466E9 /* Build configuration list for PBXProject "May_day" */ = {
			isa = XCConfigurationList;
			buildConfigurations = (
				E0AB740527C32622002466E9 /* Debug */,
				E0AB740627C32622002466E9 /* Release */,
			);
			defaultConfigurationIsVisible = 0;
			defaultConfigurationName = Release;
		};
		E0AB740727C32622002466E9 /* Build configuration list for PBXNativeTarget "May_day" */ = {
			isa = XCConfigurationList;
			buildConfigurations = (
				E0AB740827C32622002466E9 /* Debug */,
				E0AB740927C32622002466E9 /* Release */,
			);
			defaultConfigurationIsVisible = 0;
			defaultConfigurationName = Release;
		};
/* End XCConfigurationList section */
	};
	rootObject = E0AB73F127C32620002466E9 /* Project object */;
}
